{
  "name": "tajem",
  "lockfileVersion": 3,
  "requires": true,
  "packages": {
    "": {
      "dependencies": {
        "venobox": "^2.1.3"
      }
    },
    "node_modules/venobox": {
      "version": "2.1.3",
      "resolved": "https://registry.npmjs.org/venobox/-/venobox-2.1.3.tgz",
      "integrity": "sha512-7AjTyqX1UeUBC4jNBIoKtPkumLCUN+4O6e+7pwjB/CShc4X6lNiUi2CFtLoqbbE70JcFtVIJYqkgBhLN2KN2Mw=="
    }
  }
}
